github.com/goharbor/harbor v1.7.1 h1:gNGHRnwea13MCsDM7fDuPoLI6NCHUKT4XoCloNtrJeo=
github.com/goharbor/harbor v1.7.1/go.mod h1:oOoUwtJzKT7cnM79ESm2glFCpwzTewB9EvVG/a+pvCc=
github.com/goharbor/harbor v1.9.3 h1:J5skkRB1rl90Z/b7KYz4L9qS74vwHxIjX5eIZD+e8qU=
github.com/goharbor/harbor v1.9.3/go.mod h1:oOoUwtJzKT7cnM79ESm2glFCpwzTewB9EvVG/a+pvCc=
